// !$*UTF8*$!
{
	archiveVersion = 1;
	classes = {
	};
	objectVersion = 56;
	objects = {

/* Begin PBXBuildFile section */
		4C7DDFF52B02F90900BD5167 /* ScrumdingerApp.swift in Sources */ = {isa = PBXBuildFile; fileRef = 4C7DDFF42B02F90900BD5167 /* ScrumdingerApp.swift */; };
		4C7DDFF72B02F90900BD5167 /* MeetingView.swift in Sources */ = {isa = PBXBuildFile; fileRef = 4C7DDFF62B02F90900BD5167 /* MeetingView.swift */; };
		4C7DDFF92B02F90B00BD5167 /* Assets.xcassets in Resources */ = {isa = PBXBuildFile; fileRef = 4C7DDFF82B02F90B00BD5167 /* Assets.xcassets */; };
		4C7DDFFC2B02F90B00BD5167 /* Preview Assets.xcassets in Resources */ = {isa = PBXBuildFile; fileRef = 4C7DDFFB2B02F90B00BD5167 /* Preview Assets.xcassets */; };
		4C7DE0062B02F90B00BD5167 /* ScrumdingerTests.swift in Sources */ = {isa = PBXBuildFile; fileRef = 4C7DE0052B02F90B00BD5167 /* ScrumdingerTests.swift */; };
		4C7DE0102B02F90B00BD5167 /* ScrumdingerUITests.swift in Sources */ = {isa = PBXBuildFile; fileRef = 4C7DE00F2B02F90B00BD5167 /* ScrumdingerUITests.swift */; };
		4C7DE0122B02F90B00BD5167 /* ScrumdingerUITestsLaunchTests.swift in Sources */ = {isa = PBXBuildFile; fileRef = 4C7DE0112B02F90B00BD5167 /* ScrumdingerUITestsLaunchTests.swift */; };
		4C7DE01F2B03B59400BD5167 /* Theme.swift in Sources */ = {isa = PBXBuildFile; fileRef = 4C7DE01E2B03B59400BD5167 /* Theme.swift */; };
		4C7DE0212B03B64600BD5167 /* DailyScrum.swift in Sources */ = {isa = PBXBuildFile; fileRef = 4C7DE0202B03B64600BD5167 /* DailyScrum.swift */; };
		4C7DE0232B03B73100BD5167 /* CardView.swift in Sources */ = {isa = PBXBuildFile; fileRef = 4C7DE0222B03B73100BD5167 /* CardView.swift */; };
		4C7DE0252B03BB9700BD5167 /* TrailingIconLabelStyle.swift in Sources */ = {isa = PBXBuildFile; fileRef = 4C7DE0242B03BB9700BD5167 /* TrailingIconLabelStyle.swift */; };
		4C7DE0272B043E0400BD5167 /* ScrumsView.swift in Sources */ = {isa = PBXBuildFile; fileRef = 4C7DE0262B043E0400BD5167 /* ScrumsView.swift */; };
		4C7DE0292B04FDB700BD5167 /* DetailView.swift in Sources */ = {isa = PBXBuildFile; fileRef = 4C7DE0282B04FDB700BD5167 /* DetailView.swift */; };
		4C7DE02B2B059CD400BD5167 /* DetailEditView.swift in Sources */ = {isa = PBXBuildFile; fileRef = 4C7DE02A2B059CD400BD5167 /* DetailEditView.swift */; };
/* End PBXBuildFile section */

/* Begin PBXContainerItemProxy section */
		4C7DE0022B02F90B00BD5167 /* PBXContainerItemProxy */ = {
			isa = PBXContainerItemProxy;
			containerPortal = 4C7DDFE92B02F90900BD5167 /* Project object */;
			proxyType = 1;
			remoteGlobalIDString = 4C7DDFF02B02F90900BD5167;
			remoteInfo = Scrumdinger;
		};
		4C7DE00C2B02F90B00BD5167 /* PBXContainerItemProxy */ = {
			isa = PBXContainerItemProxy;
			containerPortal = 4C7DDFE92B02F90900BD5167 /* Project object */;
			proxyType = 1;
			remoteGlobalIDString = 4C7DDFF02B02F90900BD5167;
			remoteInfo = Scrumdinger;
		};
/* End PBXContainerItemProxy section */

/* Begin PBXFileReference section */
		4C7DDFF12B02F90900BD5167 /* Scrumdinger.app */ = {isa = PBXFileReference; explicitFileType = wrapper.application; includeInIndex = 0; path = Scrumdinger.app; sourceTree = BUILT_PRODUCTS_DIR; };
		4C7DDFF42B02F90900BD5167 /* ScrumdingerApp.swift */ = {isa = PBXFileReference; lastKnownFileType = sourcecode.swift; path = ScrumdingerApp.swift; sourceTree = "<group>"; };
		4C7DDFF62B02F90900BD5167 /* MeetingView.swift */ = {isa = PBXFileReference; lastKnownFileType = sourcecode.swift; path = MeetingView.swift; sourceTree = "<group>"; };
		4C7DDFF82B02F90B00BD5167 /* Assets.xcassets */ = {isa = PBXFileReference; lastKnownFileType = folder.assetcatalog; path = Assets.xcassets; sourceTree = "<group>"; };
		4C7DDFFB2B02F90B00BD5167 /* Preview Assets.xcassets */ = {isa = PBXFileReference; lastKnownFileType = folder.assetcatalog; path = "Preview Assets.xcassets"; sourceTree = "<group>"; };
		4C7DE0012B02F90B00BD5167 /* ScrumdingerTests.xctest */ = {isa = PBXFileReference; explicitFileType = wrapper.cfbundle; includeInIndex = 0; path = ScrumdingerTests.xctest; sourceTree = BUILT_PRODUCTS_DIR; };
		4C7DE0052B02F90B00BD5167 /* ScrumdingerTests.swift */ = {isa = PBXFileReference; lastKnownFileType = sourcecode.swift; path = ScrumdingerTests.swift; sourceTree = "<group>"; };
		4C7DE00B2B02F90B00BD5167 /* ScrumdingerUITests.xctest */ = {isa = PBXFileReference; explicitFileType = wrapper.cfbundle; includeInIndex = 0; path = ScrumdingerUITests.xctest; sourceTree = BUILT_PRODUCTS_DIR; };
		4C7DE00F2B02F90B00BD5167 /* ScrumdingerUITests.swift */ = {isa = PBXFileReference; lastKnownFileType = sourcecode.swift; path = ScrumdingerUITests.swift; sourceTree = "<group>"; };
		4C7DE0112B02F90B00BD5167 /* ScrumdingerUITestsLaunchTests.swift */ = {isa = PBXFileReference; lastKnownFileType = sourcecode.swift; path = ScrumdingerUITestsLaunchTests.swift; sourceTree = "<group>"; };
		4C7DE01E2B03B59400BD5167 /* Theme.swift */ = {isa = PBXFileReference; lastKnownFileType = sourcecode.swift; path = Theme.swift; sourceTree = "<group>"; };
		4C7DE0202B03B64600BD5167 /* DailyScrum.swift */ = {isa = PBXFileReference; lastKnownFileType = sourcecode.swift; path = DailyScrum.swift; sourceTree = "<group>"; };
		4C7DE0222B03B73100BD5167 /* CardView.swift */ = {isa = PBXFileReference; lastKnownFileType = sourcecode.swift; path = CardView.swift; sourceTree = "<group>"; };
		4C7DE0242B03BB9700BD5167 /* TrailingIconLabelStyle.swift */ = {isa = PBXFileReference; lastKnownFileType = sourcecode.swift; path = TrailingIconLabelStyle.swift; sourceTree = "<group>"; };
		4C7DE0262B043E0400BD5167 /* ScrumsView.swift */ = {isa = PBXFileReference; lastKnownFileType = sourcecode.swift; path = ScrumsView.swift; sourceTree = "<group>"; };
		4C7DE0282B04FDB700BD5167 /* DetailView.swift */ = {isa = PBXFileReference; lastKnownFileType = sourcecode.swift; path = DetailView.swift; sourceTree = "<group>"; };
		4C7DE02A2B059CD400BD5167 /* DetailEditView.swift */ = {isa = PBXFileReference; lastKnownFileType = sourcecode.swift; path = DetailEditView.swift; sourceTree = "<group>"; };
/* End PBXFileReference section */

/* Begin PBXFrameworksBuildPhase section */
		4C7DDFEE2B02F90900BD5167 /* Frameworks */ = {
			isa = PBXFrameworksBuildPhase;
			buildActionMask = 2147483647;
			files = (
			);
			runOnlyForDeploymentPostprocessing = 0;
		};
		4C7DDFFE2B02F90B00BD5167 /* Frameworks */ = {
			isa = PBXFrameworksBuildPhase;
			buildActionMask = 2147483647;
			files = (
			);
			runOnlyForDeploymentPostprocessing = 0;
		};
		4C7DE0082B02F90B00BD5167 /* Frameworks */ = {
			isa = PBXFrameworksBuildPhase;
			buildActionMask = 2147483647;
			files = (
			);
			runOnlyForDeploymentPostprocessing = 0;
		};
/* End PBXFrameworksBuildPhase section */

/* Begin PBXGroup section */
		4C7DDFE82B02F90900BD5167 = {
			isa = PBXGroup;
			children = (
				4C7DDFF32B02F90900BD5167 /* Scrumdinger */,
				4C7DE0042B02F90B00BD5167 /* ScrumdingerTests */,
				4C7DE00E2B02F90B00BD5167 /* ScrumdingerUITests */,
				4C7DDFF22B02F90900BD5167 /* Products */,
			);
			sourceTree = "<group>";
		};
		4C7DDFF22B02F90900BD5167 /* Products */ = {
			isa = PBXGroup;
			children = (
				4C7DDFF12B02F90900BD5167 /* Scrumdinger.app */,
				4C7DE0012B02F90B00BD5167 /* ScrumdingerTests.xctest */,
				4C7DE00B2B02F90B00BD5167 /* ScrumdingerUITests.xctest */,
			);
			name = Products;
			sourceTree = "<group>";
		};
		4C7DDFF32B02F90900BD5167 /* Scrumdinger */ = {
			isa = PBXGroup;
			children = (
				4C7DDFF42B02F90900BD5167 /* ScrumdingerApp.swift */,
				4C7DE0262B043E0400BD5167 /* ScrumsView.swift */,
				4C7DE0222B03B73100BD5167 /* CardView.swift */,
				4C7DE0282B04FDB700BD5167 /* DetailView.swift */,
				4C7DE02A2B059CD400BD5167 /* DetailEditView.swift */,
				4C7DDFF62B02F90900BD5167 /* MeetingView.swift */,
				4C7DE0242B03BB9700BD5167 /* TrailingIconLabelStyle.swift */,
				4C7DE01E2B03B59400BD5167 /* Theme.swift */,
				4C7DE0202B03B64600BD5167 /* DailyScrum.swift */,
				4C7DDFF82B02F90B00BD5167 /* Assets.xcassets */,
				4C7DDFFA2B02F90B00BD5167 /* Preview Content */,
			);
			path = Scrumdinger;
			sourceTree = "<group>";
		};
		4C7DDFFA2B02F90B00BD5167 /* Preview Content */ = {
			isa = PBXGroup;
			children = (
				4C7DDFFB2B02F90B00BD5167 /* Preview Assets.xcassets */,
			);
			path = "Preview Content";
			sourceTree = "<group>";
		};
		4C7DE0042B02F90B00BD5167 /* ScrumdingerTests */ = {
			isa = PBXGroup;
			children = (
				4C7DE0052B02F90B00BD5167 /* ScrumdingerTests.swift */,
			);
			path = ScrumdingerTests;
			sourceTree = "<group>";
		};
		4C7DE00E2B02F90B00BD5167 /* ScrumdingerUITests */ = {
			isa = PBXGroup;
			children = (
				4C7DE00F2B02F90B00BD5167 /* ScrumdingerUITests.swift */,
				4C7DE0112B02F90B00BD5167 /* ScrumdingerUITestsLaunchTests.swift */,
			);
			path = ScrumdingerUITests;
			sourceTree = "<group>";
		};
/* End PBXGroup section */

/* Begin PBXNativeTarget section */
		4C7DDFF02B02F90900BD5167 /* Scrumdinger */ = {
			isa = PBXNativeTarget;
			buildConfigurationList = 4C7DE0152B02F90B00BD5167 /* Build configuration list for PBXNativeTarget "Scrumdinger" */;
			buildPhases = (
				4C7DDFED2B02F90900BD5167 /* Sources */,
				4C7DDFEE2B02F90900BD5167 /* Frameworks */,
				4C7DDFEF2B02F90900BD5167 /* Resources */,
			);
			buildRules = (
			);
			dependencies = (
			);
			name = Scrumdinger;
			productName = Scrumdinger;
			productReference = 4C7DDFF12B02F90900BD5167 /* Scrumdinger.app */;
			productType = "com.apple.product-type.application";
		};
		4C7DE0002B02F90B00BD5167 /* ScrumdingerTests */ = {
			isa = PBXNativeTarget;
			buildConfigurationList = 4C7DE0182B02F90B00BD5167 /* Build configuration list for PBXNativeTarget "ScrumdingerTests" */;
			buildPhases = (
				4C7DDFFD2B02F90B00BD5167 /* Sources */,
				4C7DDFFE2B02F90B00BD5167 /* Frameworks */,
				4C7DDFFF2B02F90B00BD5167 /* Resources */,
			);
			buildRules = (
			);
			dependencies = (
				4C7DE0032B02F90B00BD5167 /* PBXTargetDependency */,
			);
			name = ScrumdingerTests;
			productName = ScrumdingerTests;
			productReference = 4C7DE0012B02F90B00BD5167 /* ScrumdingerTests.xctest */;
			productType = "com.apple.product-type.bundle.unit-test";
		};
		4C7DE00A2B02F90B00BD5167 /* ScrumdingerUITests */ = {
			isa = PBXNativeTarget;
			buildConfigurationList = 4C7DE01B2B02F90B00BD5167 /* Build configuration list for PBXNativeTarget "ScrumdingerUITests" */;
			buildPhases = (
				4C7DE0072B02F90B00BD5167 /* Sources */,
				4C7DE0082B02F90B00BD5167 /* Frameworks */,
				4C7DE0092B02F90B00BD5167 /* Resources */,
			);
			buildRules = (
			);
			dependencies = (
				4C7DE00D2B02F90B00BD5167 /* PBXTargetDependency */,
			);
			name = ScrumdingerUITests;
			productName = ScrumdingerUITests;
			productReference = 4C7DE00B2B02F90B00BD5167 /* ScrumdingerUITests.xctest */;
			productType = "com.apple.product-type.bundle.ui-testing";
		};
/* End PBXNativeTarget section */

/* Begin PBXProject section */
		4C7DDFE92B02F90900BD5167 /* Project object */ = {
			isa = PBXProject;
			attributes = {
				BuildIndependentTargetsInParallel = 1;
				LastSwiftUpdateCheck = 1500;
				LastUpgradeCheck = 1500;
				TargetAttributes = {
					4C7DDFF02B02F90900BD5167 = {
						CreatedOnToolsVersion = 15.0;
					};
					4C7DE0002B02F90B00BD5167 = {
						CreatedOnToolsVersion = 15.0;
						TestTargetID = 4C7DDFF02B02F90900BD5167;
					};
					4C7DE00A2B02F90B00BD5167 = {
						CreatedOnToolsVersion = 15.0;
						TestTargetID = 4C7DDFF02B02F90900BD5167;
					};
				};
			};
			buildConfigurationList = 4C7DDFEC2B02F90900BD5167 /* Build configuration list for PBXProject "Scrumdinger" */;
			compatibilityVersion = "Xcode 14.0";
			developmentRegion = en;
			hasScannedForEncodings = 0;
			knownRegions = (
				en,
				Base,
			);
			mainGroup = 4C7DDFE82B02F90900BD5167;
			productRefGroup = 4C7DDFF22B02F90900BD5167 /* Products */;
			projectDirPath = "";
			projectRoot = "";
			targets = (
				4C7DDFF02B02F90900BD5167 /* Scrumdinger */,
				4C7DE0002B02F90B00BD5167 /* ScrumdingerTests */,
				4C7DE00A2B02F90B00BD5167 /* ScrumdingerUITests */,
			);
		};
/* End PBXProject section */

/* Begin PBXResourcesBuildPhase section */
		4C7DDFEF2B02F90900BD5167 /* Resources */ = {
			isa = PBXResourcesBuildPhase;
			buildActionMask = 2147483647;
			files = (
				4C7DDFFC2B02F90B00BD5167 /* Preview Assets.xcassets in Resources */,
				4C7DDFF92B02F90B00BD5167 /* Assets.xcassets in Resources */,
			);
			runOnlyForDeploymentPostprocessing = 0;
		};
		4C7DDFFF2B02F90B00BD5167 /* Resources */ = {
			isa = PBXResourcesBuildPhase;
			buildActionMask = 2147483647;
			files = (
			);
			runOnlyForDeploymentPostprocessing = 0;
		};
		4C7DE0092B02F90B00BD5167 /* Resources */ = {
			isa = PBXResourcesBuildPhase;
			buildActionMask = 2147483647;
			files = (
			);
			runOnlyForDeploymentPostprocessing = 0;
		};
/* End PBXResourcesBuildPhase section */

/* Begin PBXSourcesBuildPhase section */
		4C7DDFED2B02F90900BD5167 /* Sources */ = {
			isa = PBXSourcesBuildPhase;
			buildActionMask = 2147483647;
			files = (
				4C7DE0212B03B64600BD5167 /* DailyScrum.swift in Sources */,
				4C7DE0292B04FDB700BD5167 /* DetailView.swift in Sources */,
				4C7DE02B2B059CD400BD5167 /* DetailEditView.swift in Sources */,
				4C7DE0252B03BB9700BD5167 /* TrailingIconLabelStyle.swift in Sources */,
				4C7DE01F2B03B59400BD5167 /* Theme.swift in Sources */,
				4C7DE0272B043E0400BD5167 /* ScrumsView.swift in Sources */,
				4C7DDFF72B02F90900BD5167 /* MeetingView.swift in Sources */,
				4C7DDFF52B02F90900BD5167 /* ScrumdingerApp.swift in Sources */,
				4C7DE0232B03B73100BD5167 /* CardView.swift in Sources */,
			);
			runOnlyForDeploymentPostprocessing = 0;
		};
		4C7DDFFD2B02F90B00BD5167 /* Sources */ = {
			isa = PBXSourcesBuildPhase;
			buildActionMask = 2147483647;
			files = (
				4C7DE0062B02F90B00BD5167 /* ScrumdingerTests.swift in Sources */,
			);
			runOnlyForDeploymentPostprocessing = 0;
		};
		4C7DE0072B02F90B00BD5167 /* Sources */ = {
			isa = PBXSourcesBuildPhase;
			buildActionMask = 2147483647;
			files = (
				4C7DE0122B02F90B00BD5167 /* ScrumdingerUITestsLaunchTests.swift in Sources */,
				4C7DE0102B02F90B00BD5167 /* ScrumdingerUITests.swift in Sources */,
			);
			runOnlyForDeploymentPostprocessing = 0;
		};
/* End PBXSourcesBuildPhase section */

/* Begin PBXTargetDependency section */
		4C7DE0032B02F90B00BD5167 /* PBXTargetDependency */ = {
			isa = PBXTargetDependency;
			target = 4C7DDFF02B02F90900BD5167 /* Scrumdinger */;
			targetProxy = 4C7DE0022B02F90B00BD5167 /* PBXContainerItemProxy */;
		};
		4C7DE00D2B02F90B00BD5167 /* PBXTargetDependency */ = {
			isa = PBXTargetDependency;
			target = 4C7DDFF02B02F90900BD5167 /* Scrumdinger */;
			targetProxy = 4C7DE00C2B02F90B00BD5167 /* PBXContainerItemProxy */;
		};
/* End PBXTargetDependency section */

/* Begin XCBuildConfiguration section */
		4C7DE0132B02F90B00BD5167 /* Debug */ = {
			isa = XCBuildConfiguration;
			buildSettings = {
				ALWAYS_SEARCH_USER_PATHS = NO;
				ASSETCATALOG_COMPILER_GENERATE_SWIFT_ASSET_SYMBOL_EXTENSIONS = YES;
				CLANG_ANALYZER_NONNULL = YES;
				CLANG_ANALYZER_NUMBER_OBJECT_CONVERSION = YES_AGGRESSIVE;
				CLANG_CXX_LANGUAGE_STANDARD = "gnu++20";
				CLANG_ENABLE_MODULES = YES;
				CLANG_ENABLE_OBJC_ARC = YES;
				CLANG_ENABLE_OBJC_WEAK = YES;
				CLANG_WARN_BLOCK_CAPTURE_AUTORELEASING = YES;
				CLANG_WARN_BOOL_CONVERSION = YES;
				CLANG_WARN_COMMA = YES;
				CLANG_WARN_CONSTANT_CONVERSION = YES;
				CLANG_WARN_DEPRECATED_OBJC_IMPLEMENTATIONS = YES;
				CLANG_WARN_DIRECT_OBJC_ISA_USAGE = YES_ERROR;
				CLANG_WARN_DOCUMENTATION_COMMENTS = YES;
				CLANG_WARN_EMPTY_BODY = YES;
				CLANG_WARN_ENUM_CONVERSION = YES;
				CLANG_WARN_INFINITE_RECURSION = YES;
				CLANG_WARN_INT_CONVERSION = YES;
				CLANG_WARN_NON_LITERAL_NULL_CONVERSION = YES;
				CLANG_WARN_OBJC_IMPLICIT_RETAIN_SELF = YES;
				CLANG_WARN_OBJC_LITERAL_CONVERSION = YES;
				CLANG_WARN_OBJC_ROOT_CLASS = YES_ERROR;
				CLANG_WARN_QUOTED_INCLUDE_IN_FRAMEWORK_HEADER = YES;
				CLANG_WARN_RANGE_LOOP_ANALYSIS = YES;
				CLANG_WARN_STRICT_PROTOTYPES = YES;
				CLANG_WARN_SUSPICIOUS_MOVE = YES;
				CLANG_WARN_UNGUARDED_AVAILABILITY = YES_AGGRESSIVE;
				CLANG_WARN_UNREACHABLE_CODE = YES;
				CLANG_WARN__DUPLICATE_METHOD_MATCH = YES;
				COPY_PHASE_STRIP = NO;
				DEBUG_INFORMATION_FORMAT = dwarf;
				ENABLE_STRICT_OBJC_MSGSEND = YES;
				ENABLE_TESTABILITY = YES;
				ENABLE_USER_SCRIPT_SANDBOXING = YES;
				GCC_C_LANGUAGE_STANDARD = gnu17;
				GCC_DYNAMIC_NO_PIC = NO;
				GCC_NO_COMMON_BLOCKS = YES;
				GCC_OPTIMIZATION_LEVEL = 0;
				GCC_PREPROCESSOR_DEFINITIONS = (
					"DEBUG=1",
					"$(inherited)",
				);
				GCC_WARN_64_TO_32_BIT_CONVERSION = YES;
				GCC_WARN_ABOUT_RETURN_TYPE = YES_ERROR;
				GCC_WARN_UNDECLARED_SELECTOR = YES;
				GCC_WARN_UNINITIALIZED_AUTOS = YES_AGGRESSIVE;
				GCC_WARN_UNUSED_FUNCTION = YES;
				GCC_WARN_UNUSED_VARIABLE = YES;
				IPHONEOS_DEPLOYMENT_TARGET = 17.0;
				LOCALIZATION_PREFERS_STRING_CATALOGS = YES;
				MTL_ENABLE_DEBUG_INFO = INCLUDE_SOURCE;
				MTL_FAST_MATH = YES;
				ONLY_ACTIVE_ARCH = YES;
				SDKROOT = iphoneos;
				SWIFT_ACTIVE_COMPILATION_CONDITIONS = "DEBUG $(inherited)";
				SWIFT_OPTIMIZATION_LEVEL = "-Onone";
			};
			name = Debug;
		};
		4C7DE0142B02F90B00BD5167 /* Release */ = {
			isa = XCBuildConfiguration;
			buildSettings = {
				ALWAYS_SEARCH_USER_PATHS = NO;
				ASSETCATALOG_COMPILER_GENERATE_SWIFT_ASSET_SYMBOL_EXTENSIONS = YES;
				CLANG_ANALYZER_NONNULL = YES;
				CLANG_ANALYZER_NUMBER_OBJECT_CONVERSION = YES_AGGRESSIVE;
				CLANG_CXX_LANGUAGE_STANDARD = "gnu++20";
				CLANG_ENABLE_MODULES = YES;
				CLANG_ENABLE_OBJC_ARC = YES;
				CLANG_ENABLE_OBJC_WEAK = YES;
				CLANG_WARN_BLOCK_CAPTURE_AUTORELEASING = YES;
				CLANG_WARN_BOOL_CONVERSION = YES;
				CLANG_WARN_COMMA = YES;
				CLANG_WARN_CONSTANT_CONVERSION = YES;
				CLANG_WARN_DEPRECATED_OBJC_IMPLEMENTATIONS = YES;
				CLANG_WARN_DIRECT_OBJC_ISA_USAGE = YES_ERROR;
				CLANG_WARN_DOCUMENTATION_COMMENTS = YES;
				CLANG_WARN_EMPTY_BODY = YES;
				CLANG_WARN_ENUM_CONVERSION = YES;
				CLANG_WARN_INFINITE_RECURSION = YES;
				CLANG_WARN_INT_CONVERSION = YES;
				CLANG_WARN_NON_LITERAL_NULL_CONVERSION = YES;
				CLANG_WARN_OBJC_IMPLICIT_RETAIN_SELF = YES;
				CLANG_WARN_OBJC_LITERAL_CONVERSION = YES;
				CLANG_WARN_OBJC_ROOT_CLASS = YES_ERROR;
				CLANG_WARN_QUOTED_INCLUDE_IN_FRAMEWORK_HEADER = YES;
				CLANG_WARN_RANGE_LOOP_ANALYSIS = YES;
				CLANG_WARN_STRICT_PROTOTYPES = YES;
				CLANG_WARN_SUSPICIOUS_MOVE = YES;
				CLANG_WARN_UNGUARDED_AVAILABILITY = YES_AGGRESSIVE;
				CLANG_WARN_UNREACHABLE_CODE = YES;
				CLANG_WARN__DUPLICATE_METHOD_MATCH = YES;
				COPY_PHASE_STRIP = NO;
				DEBUG_INFORMATION_FORMAT = "dwarf-with-dsym";
				ENABLE_NS_ASSERTIONS = NO;
				ENABLE_STRICT_OBJC_MSGSEND = YES;
				ENABLE_USER_SCRIPT_SANDBOXING = YES;
				GCC_C_LANGUAGE_STANDARD = gnu17;
				GCC_NO_COMMON_BLOCKS = YES;
				GCC_WARN_64_TO_32_BIT_CONVERSION = YES;
				GCC_WARN_ABOUT_RETURN_TYPE = YES_ERROR;
				GCC_WARN_UNDECLARED_SELECTOR = YES;
				GCC_WARN_UNINITIALIZED_AUTOS = YES_AGGRESSIVE;
				GCC_WARN_UNUSED_FUNCTION = YES;
				GCC_WARN_UNUSED_VARIABLE = YES;
				IPHONEOS_DEPLOYMENT_TARGET = 17.0;
				LOCALIZATION_PREFERS_STRING_CATALOGS = YES;
				MTL_ENABLE_DEBUG_INFO = NO;
				MTL_FAST_MATH = YES;
				SDKROOT = iphoneos;
				SWIFT_COMPILATION_MODE = wholemodule;
				VALIDATE_PRODUCT = YES;
			};
			name = Release;
		};
		4C7DE0162B02F90B00BD5167 /* Debug */ = {
			isa = XCBuildConfiguration;
			buildSettings = {
				ASSETCATALOG_COMPILER_APPICON_NAME = AppIcon;
				ASSETCATALOG_COMPILER_GLOBAL_ACCENT_COLOR_NAME = AccentColor;
				CODE_SIGN_STYLE = Automatic;
				CURRENT_PROJECT_VERSION = 1;
				DEVELOPMENT_ASSET_PATHS = "\"Scrumdinger/Preview Content\"";
				DEVELOPMENT_TEAM = 99WCQ4V7AC;
				ENABLE_PREVIEWS = YES;
				GENERATE_INFOPLIST_FILE = YES;
				INFOPLIST_KEY_UIApplicationSceneManifest_Generation = YES;
				INFOPLIST_KEY_UIApplicationSupportsIndirectInputEvents = YES;
				INFOPLIST_KEY_UILaunchScreen_Generation = YES;
				INFOPLIST_KEY_UISupportedInterfaceOrientations_iPad = "UIInterfaceOrientationPortrait UIInterfaceOrientationPortraitUpsideDown UIInterfaceOrientationLandscapeLeft UIInterfaceOrientationLandscapeRight";
				INFOPLIST_KEY_UISupportedInterfaceOrientations_iPhone = "UIInterfaceOrientationPortrait UIInterfaceOrientationLandscapeLeft UIInterfaceOrientationLandscapeRight";
				LD_RUNPATH_SEARCH_PATHS = (
					"$(inherited)",
					"@executable_path/Frameworks",
				);
				MARKETING_VERSION = 1.0;
				PRODUCT_BUNDLE_IDENTIFIER = weilunsu.com.Scrumdinger;
				PRODUCT_NAME = "$(TARGET_NAME)";
				SWIFT_EMIT_LOC_STRINGS = YES;
				SWIFT_VERSION = 5.0;
				TARGETED_DEVICE_FAMILY = "1,2";
			};
			name = Debug;
		};
		4C7DE0172B02F90B00BD5167 /* Release */ = {
			isa = XCBuildConfiguration;
			buildSettings = {
				ASSETCATALOG_COMPILER_APPICON_NAME = AppIcon;
				ASSETCATALOG_COMPILER_GLOBAL_ACCENT_COLOR_NAME = AccentColor;
				CODE_SIGN_STYLE = Automatic;
				CURRENT_PROJECT_VERSION = 1;
				DEVELOPMENT_ASSET_PATHS = "\"Scrumdinger/Preview Content\"";
				DEVELOPMENT_TEAM = 99WCQ4V7AC;
				ENABLE_PREVIEWS = YES;
				GENERATE_INFOPLIST_FILE = YES;
				INFOPLIST_KEY_UIApplicationSceneManifest_Generation = YES;
				INFOPLIST_KEY_UIApplicationSupportsIndirectInputEvents = YES;
				INFOPLIST_KEY_UILaunchScreen_Generation = YES;
				INFOPLIST_KEY_UISupportedInterfaceOrientations_iPad = "UIInterfaceOrientationPortrait UIInterfaceOrientationPortraitUpsideDown UIInterfaceOrientationLandscapeLeft UIInterfaceOrientationLandscapeRight";
				INFOPLIST_KEY_UISupportedInterfaceOrientations_iPhone = "UIInterfaceOrientationPortrait UIInterfaceOrientationLandscapeLeft UIInterfaceOrientationLandscapeRight";
				LD_RUNPATH_SEARCH_PATHS = (
					"$(inherited)",
					"@executable_path/Frameworks",
				);
				MARKETING_VERSION = 1.0;
				PRODUCT_BUNDLE_IDENTIFIER = weilunsu.com.Scrumdinger;
				PRODUCT_NAME = "$(TARGET_NAME)";
				SWIFT_EMIT_LOC_STRINGS = YES;
				SWIFT_VERSION = 5.0;
				TARGETED_DEVICE_FAMILY = "1,2";
			};
			name = Release;
		};
		4C7DE0192B02F90B00BD5167 /* Debug */ = {
			isa = XCBuildConfiguration;
			buildSettings = {
				ALWAYS_EMBED_SWIFT_STANDARD_LIBRARIES = YES;
				BUNDLE_LOADER = "$(TEST_HOST)";
				CODE_SIGN_STYLE = Automatic;
				CURRENT_PROJECT_VERSION = 1;
				DEVELOPMENT_TEAM = 99WCQ4V7AC;
				GENERATE_INFOPLIST_FILE = YES;
				IPHONEOS_DEPLOYMENT_TARGET = 17.0;
				MARKETING_VERSION = 1.0;
				PRODUCT_BUNDLE_IDENTIFIER = weilunsu.com.ScrumdingerTests;
				PRODUCT_NAME = "$(TARGET_NAME)";
				SWIFT_EMIT_LOC_STRINGS = NO;
				SWIFT_VERSION = 5.0;
				TARGETED_DEVICE_FAMILY = "1,2";
				TEST_HOST = "$(BUILT_PRODUCTS_DIR)/Scrumdinger.app/$(BUNDLE_EXECUTABLE_FOLDER_PATH)/Scrumdinger";
			};
			name = Debug;
		};
		4C7DE01A2B02F90B00BD5167 /* Release */ = {
			isa = XCBuildConfiguration;
			buildSettings = {
				ALWAYS_EMBED_SWIFT_STANDARD_LIBRARIES = YES;
				BUNDLE_LOADER = "$(TEST_HOST)";
				CODE_SIGN_STYLE = Automatic;
				CURRENT_PROJECT_VERSION = 1;
				DEVELOPMENT_TEAM = 99WCQ4V7AC;
				GENERATE_INFOPLIST_FILE = YES;
				IPHONEOS_DEPLOYMENT_TARGET = 17.0;
				MARKETING_VERSION = 1.0;
				PRODUCT_BUNDLE_IDENTIFIER = weilunsu.com.ScrumdingerTests;
				PRODUCT_NAME = "$(TARGET_NAME)";
				SWIFT_EMIT_LOC_STRINGS = NO;
				SWIFT_VERSION = 5.0;
				TARGETED_DEVICE_FAMILY = "1,2";
				TEST_HOST = "$(BUILT_PRODUCTS_DIR)/Scrumdinger.app/$(BUNDLE_EXECUTABLE_FOLDER_PATH)/Scrumdinger";
			};
			name = Release;
		};
		4C7DE01C2B02F90B00BD5167 /* Debug */ = {
			isa = XCBuildConfiguration;
			buildSettings = {
				ALWAYS_EMBED_SWIFT_STANDARD_LIBRARIES = YES;
				CODE_SIGN_STYLE = Automatic;
				CURRENT_PROJECT_VERSION = 1;
				DEVELOPMENT_TEAM = 99WCQ4V7AC;
				GENERATE_INFOPLIST_FILE = YES;
				MARKETING_VERSION = 1.0;
				PRODUCT_BUNDLE_IDENTIFIER = weilunsu.com.ScrumdingerUITests;
				PRODUCT_NAME = "$(TARGET_NAME)";
				SWIFT_EMIT_LOC_STRINGS = NO;
				SWIFT_VERSION = 5.0;
				TARGETED_DEVICE_FAMILY = "1,2";
				TEST_TARGET_NAME = Scrumdinger;
			};
			name = Debug;
		};
		4C7DE01D2B02F90B00BD5167 /* Release */ = {
			isa = XCBuildConfiguration;
			buildSettings = {
				ALWAYS_EMBED_SWIFT_STANDARD_LIBRARIES = YES;
				CODE_SIGN_STYLE = Automatic;
				CURRENT_PROJECT_VERSION = 1;
				DEVELOPMENT_TEAM = 99WCQ4V7AC;
				GENERATE_INFOPLIST_FILE = YES;
				MARKETING_VERSION = 1.0;
				PRODUCT_BUNDLE_IDENTIFIER = weilunsu.com.ScrumdingerUITests;
				PRODUCT_NAME = "$(TARGET_NAME)";
				SWIFT_EMIT_LOC_STRINGS = NO;
				SWIFT_VERSION = 5.0;
				TARGETED_DEVICE_FAMILY = "1,2";
				TEST_TARGET_NAME = Scrumdinger;
			};
			name = Release;
		};
/* End XCBuildConfiguration section */

/* Begin XCConfigurationList section */
		4C7DDFEC2B02F90900BD5167 /* Build configuration list for PBXProject "Scrumdinger" */ = {
			isa = XCConfigurationList;
			buildConfigurations = (
				4C7DE0132B02F90B00BD5167 /* Debug */,
				4C7DE0142B02F90B00BD5167 /* Release */,
			);
			defaultConfigurationIsVisible = 0;
			defaultConfigurationName = Release;
		};
		4C7DE0152B02F90B00BD5167 /* Build configuration list for PBXNativeTarget "Scrumdinger" */ = {
			isa = XCConfigurationList;
			buildConfigurations = (
				4C7DE0162B02F90B00BD5167 /* Debug */,
				4C7DE0172B02F90B00BD5167 /* Release */,
			);
			defaultConfigurationIsVisible = 0;
			defaultConfigurationName = Release;
		};
		4C7DE0182B02F90B00BD5167 /* Build configuration list for PBXNativeTarget "ScrumdingerTests" */ = {
			isa = XCConfigurationList;
			buildConfigurations = (
				4C7DE0192B02F90B00BD5167 /* Debug */,
				4C7DE01A2B02F90B00BD5167 /* Release */,
			);
			defaultConfigurationIsVisible = 0;
			defaultConfigurationName = Release;
		};
		4C7DE01B2B02F90B00BD5167 /* Build configuration list for PBXNativeTarget "ScrumdingerUITests" */ = {
			isa = XCConfigurationList;
			buildConfigurations = (
				4C7DE01C2B02F90B00BD5167 /* Debug */,
				4C7DE01D2B02F90B00BD5167 /* Release */,
			);
			defaultConfigurationIsVisible = 0;
			defaultConfigurationName = Release;
		};
/* End XCConfigurationList section */
	};
	rootObject = 4C7DDFE92B02F90900BD5167 /* Project object */;
}
